{
  "requires": true,
  "lockfileVersion": 1,
  "dependencies": {
    "react-keyboard-event-handler": {
      "version": "1.5.4",
      "resolved": "https://registry.npmjs.org/react-keyboard-event-handler/-/react-keyboard-event-handler-1.5.4.tgz",
      "integrity": "sha512-MSOxU/sQ5q9XWNHhXAJxzh4xVLZjKORGNC2Pzvx3qUo24TQeztGB0tq8oSArwX6vfKSIVijiw8wBmkN5pJOB4w=="
    }
  }
}
